{
    "hash": "d9ff1b7050901cc54843298cccacef82",
    "packages": [
        {
            "name": "bjyoungblood/BjyAuthorize",
            "version": "dev-master",
            "source": {
                "type": "git",
                "url": "git://github.com/bjyoungblood/BjyAuthorize.git",
                "reference": "b56d13b5e39aa0ae5d3bfe09134aad7a19d2561d"
            },
            "dist": {
                "type": "zip",
                "url": "https://github.com/bjyoungblood/BjyAuthorize/zipball/b56d13b5e39aa0ae5d3bfe09134aad7a19d2561d",
                "reference": "b56d13b5e39aa0ae5d3bfe09134aad7a19d2561d",
                "shasum": ""
            },
            "require": {
                "php": ">=5.3.3",
                "zendframework/zendframework": "2.0.*",
                "zf-commons/zfc-base": "dev-master",
                "zf-commons/zfc-user": "dev-master"
            },
            "suggest": {
                "zf-commons/zfc-user-doctrine-orm": "dev-master"
            },
            "time": "1348084601",
            "type": "library",
            "installation-source": "source",
            "autoload": {
                "psr-0": {
                    "BjyAuthorize": "src/"
                },
                "classmap": [
                    "./"
                ]
            },
            "authors": [
                {
                    "name": "Ben Youngblood",
                    "email": "bx.youngblood@gmail.com",
                    "homepage": "http://bjyoungblood.com/"
                }
            ],
            "description": "Easy-use loader and manager for Zend\\Acl with built-in route and dispatch protection",
            "homepage": "https://github.com/bjyoungblood/BjyAuthorize",
            "keywords": [
                "zf2",
                "acl",
                "zfc-user"
            ]
        },
        {
            "name": "doctrine/common",
            "version": "dev-master",
            "source": {
                "type": "git",
                "url": "https://github.com/doctrine/common",
                "reference": "44ec7118f8a403ece299763709d1d0c7ecd4c84f"
            },
            "dist": {
                "type": "zip",
                "url": "https://github.com/doctrine/common/zipball/44ec7118f8a403ece299763709d1d0c7ecd4c84f",
                "reference": "44ec7118f8a403ece299763709d1d0c7ecd4c84f",
                "shasum": ""
            },
            "require": {
                "php": ">=5.3.2"
            },
            "time": "1347998002",
            "type": "library",
            "extra": {
                "branch-alias": {
                    "dev-master": "2.4.x-dev"
                }
            },
            "installation-source": "source",
            "autoload": {
                "psr-0": {
                    "Doctrine\\Common": "lib/"
                }
            },
            "license": [
                "MIT"
            ],
            "authors": [
                {
                    "name": "Jonathan Wage",
                    "email": "jonwage@gmail.com",
                    "homepage": "http://www.jwage.com/"
                },
                {
                    "name": "Guilherme Blanco",
                    "email": "guilhermeblanco@gmail.com"
                },
                {
                    "name": "Roman Borschel",
                    "email": "roman@code-factory.org"
                },
                {
                    "name": "Benjamin Eberlei",
                    "email": "kontakt@beberlei.de"
                },
                {
                    "name": "Johannes Schmitt",
                    "email": "schmittjoh@gmail.com",
                    "homepage": "http://jmsyst.com",
                    "role": "Developer of wrapped JMSSerializerBundle"
                }
            ],
            "description": "Common Library for Doctrine projects",
            "homepage": "http://www.doctrine-project.org",
            "keywords": [
                "collections",
                "spl",
                "eventmanager",
                "annotations",
                "persistence"
            ]
        },
        {
            "name": "doctrine/data-fixtures",
            "version": "dev-master",
            "source": {
                "type": "git",
                "url": "https://github.com/doctrine/data-fixtures.git",
                "reference": "b29bad9738fada9486961f60542f2d2d77c7b501"
            },
            "dist": {
                "type": "zip",
                "url": "https://github.com/doctrine/data-fixtures/zipball/b29bad9738fada9486961f60542f2d2d77c7b501",
                "reference": "b29bad9738fada9486961f60542f2d2d77c7b501",
                "shasum": ""
            },
            "require": {
                "php": ">=5.3.2"
            },
            "time": "1348136794",
            "type": "library",
            "installation-source": "source",
            "autoload": {
                "psr-0": {
                    "Doctrine\\Common\\DataFixtures": "lib/"
                }
            },
            "license": [
                "MIT"
            ],
            "authors": [
                {
                    "name": "Jonathan Wage",
                    "email": "jonwage@gmail.com",
                    "homepage": "http://www.jwage.com/"
                }
            ],
            "description": "Data Fixtures for all Doctrine Object Managers",
            "homepage": "http://www.doctrine-project.org",
            "keywords": [
                "database"
            ]
        },
        {
            "name": "doctrine/dbal",
            "version": "dev-master",
            "source": {
                "type": "git",
                "url": "https://github.com/doctrine/dbal",
                "reference": "804bd86e60dd2e0760917d496bf970414817d1c0"
            },
            "dist": {
                "type": "zip",
                "url": "https://github.com/doctrine/dbal/zipball/804bd86e60dd2e0760917d496bf970414817d1c0",
                "reference": "804bd86e60dd2e0760917d496bf970414817d1c0",
                "shasum": ""
            },
            "require": {
                "php": ">=5.3.2",
                "doctrine/common": ">=2.3-dev,<2.5-dev"
            },
            "time": "1348189777",
            "type": "library",
            "extra": {
                "branch-alias": {
                    "dev-master": "2.4.x-dev"
                }
            },
            "installation-source": "source",
            "autoload": {
                "psr-0": {
                    "Doctrine\\DBAL": "lib/"
                }
            },
            "license": [
                "MIT"
            ],
            "authors": [
                {
                    "name": "Jonathan Wage",
                    "email": "jonwage@gmail.com",
                    "homepage": "http://www.jwage.com/"
                },
                {
                    "name": "Guilherme Blanco",
                    "email": "guilhermeblanco@gmail.com"
                },
                {
                    "name": "Roman Borschel",
                    "email": "roman@code-factory.org"
                },
                {
                    "name": "Benjamin Eberlei",
                    "email": "kontakt@beberlei.de"
                }
            ],
            "description": "Database Abstraction Layer",
            "homepage": "http://www.doctrine-project.org",
            "keywords": [
                "database",
                "persistence",
                "dbal",
                "queryobject"
            ]
        },
        {
            "name": "doctrine/doctrine-module",
            "version": "dev-master",
            "source": {
                "type": "git",
                "url": "git://github.com/doctrine/DoctrineModule.git",
                "reference": "95c23d204ce6604d0a8e10a2e9a10ab791ac290f"
            },
            "dist": {
                "type": "zip",
                "url": "https://github.com/doctrine/DoctrineModule/zipball/95c23d204ce6604d0a8e10a2e9a10ab791ac290f",
                "reference": "95c23d204ce6604d0a8e10a2e9a10ab791ac290f",
                "shasum": ""
            },
            "require": {
                "php": ">=5.3.3",
                "doctrine/data-fixtures": "dev-master",
                "symfony/console": ">=2.0.13",
                "doctrine/common": ">=2.3-dev,<2.5-dev",
                "zendframework/zendframework": "2.*"
            },
            "time": "1348215686",
            "bin": [
                "bin/doctrine-module"
            ],
            "type": "library",
            "installation-source": "source",
            "autoload": {
                "psr-0": {
                    "DoctrineModule": "src/"
                }
            },
            "license": [
                "MIT"
            ],
            "authors": [
                {
                    "name": "Kyle Spraggs",
                    "email": "theman@spiffyjr.me",
                    "homepage": "http://www.spiffyjr.me/"
                },
                {
                    "name": "Marco Pivetta",
                    "email": "ocramius@gmail.com",
                    "homepage": "http://marco-pivetta.com/"
                },
                {
                    "name": "Evan Coury",
                    "email": "me@evancoury.com",
                    "homepage": "http://blog.evan.pro/"
                },
                {
                    "name": "Guilherme Blanco",
                    "email": "guilhermeblanco@hotmail.com"
                }
            ],
            "description": "Zend Framework 2 Module that provides Doctrine basic functionality required for ORM and ODM modules",
            "homepage": "http://www.doctrine-project.org/",
            "keywords": [
                "zf2",
                "module",
                "doctrine"
            ]
        },
        {
            "name": "doctrine/doctrine-orm-module",
            "version": "dev-master",
            "source": {
                "type": "git",
                "url": "git://github.com/doctrine/DoctrineORMModule.git",
                "reference": "3666f2a476ba319eb97323577e9e1d0380b99d94"
            },
            "dist": {
                "type": "zip",
                "url": "https://github.com/doctrine/DoctrineORMModule/zipball/3666f2a476ba319eb97323577e9e1d0380b99d94",
                "reference": "3666f2a476ba319eb97323577e9e1d0380b99d94",
                "shasum": ""
            },
            "require": {
                "php": ">=5.3.3",
                "doctrine/doctrine-module": "dev-master",
                "doctrine/migrations": "dev-master",
                "doctrine/orm": ">=2.3-dev,<2.5-dev",
                "doctrine/dbal": ">=2.3-dev,<2.5-dev",
                "zendframework/zendframework": "2.*"
            },
            "require-dev": {
                "zendframework/zend-developer-tools": "dev-master"
            },
            "suggest": {
                "zendframework/zend-developer-tools": "zend-developer-tools if you want to profile operations executed by the ORM during development"
            },
            "time": "1346877566",
            "type": "library",
            "installation-source": "source",
            "autoload": {
                "psr-0": {
                    "DoctrineORMModule": "src/",
                    "DoctrineORMModuleTest": "tests/"
                }
            },
            "license": [
                "MIT"
            ],
            "authors": [
                {
                    "name": "Kyle Spraggs",
                    "email": "theman@spiffyjr.me",
                    "homepage": "http://www.spiffyjr.me/"
                },
                {
                    "name": "Marco Pivetta",
                    "email": "ocramius@gmail.com",
                    "homepage": "http://marco-pivetta.com/"
                },
                {
                    "name": "Evan Coury",
                    "email": "me@evancoury.com",
                    "homepage": "http://blog.evan.pro/"
                },
                {
                    "name": "Guilherme Blanco",
                    "email": "guilhermeblanco@hotmail.com"
                }
            ],
            "description": "Zend Framework 2 Module that provides Doctrine ORM functionality",
            "homepage": "http://www.doctrine-project.org/",
            "keywords": [
                "orm",
                "zf2",
                "module",
                "doctrine"
            ]
        },
        {
            "name": "doctrine/migrations",
            "version": "dev-master",
            "source": {
                "type": "git",
                "url": "https://github.com/doctrine/migrations",
                "reference": "3dd738b2a709f4d5185c144292189c6e708ca37d"
            },
            "dist": {
                "type": "zip",
                "url": "https://github.com/doctrine/migrations/zipball/3dd738b2a709f4d5185c144292189c6e708ca37d",
                "reference": "3dd738b2a709f4d5185c144292189c6e708ca37d",
                "shasum": ""
            },
            "require": {
                "php": ">=5.3.2",
                "doctrine/dbal": ">=2.0,<2.5.x-dev"
            },
            "require-dev": {
                "symfony/console": "2.*",
                "symfony/yaml": "2.*"
            },
            "suggest": {
                "symfony/console": "to run the migration from the console"
            },
            "time": "1348090059",
            "type": "library",
            "installation-source": "source",
            "autoload": {
                "psr-0": {
                    "Doctrine\\DBAL\\Migrations": "lib"
                }
            },
            "license": [
                "LGPL"
            ],
            "authors": [
                {
                    "name": "Jonathan Wage",
                    "email": "jonwage@gmail.com",
                    "homepage": "http://www.jwage.com/"
                },
                {
                    "name": "Benjamin Eberlei",
                    "email": "kontakt@beberlei.de"
                }
            ],
            "description": "Database Schema migrations using Doctrine DBAL",
            "homepage": "http://www.doctrine-project.org",
            "keywords": [
                "database",
                "migrations"
            ]
        },
        {
            "name": "doctrine/orm",
            "version": "dev-master",
            "source": {
                "type": "git",
                "url": "git://github.com/doctrine/doctrine2.git",
                "reference": "831f0acdc562fd854256f6f0ef2623c6d92e4a70"
            },
            "dist": {
                "type": "zip",
                "url": "https://github.com/doctrine/doctrine2/zipball/831f0acdc562fd854256f6f0ef2623c6d92e4a70",
                "reference": "831f0acdc562fd854256f6f0ef2623c6d92e4a70",
                "shasum": ""
            },
            "require": {
                "php": ">=5.3.2",
                "ext-pdo": "*",
                "symfony/console": "2.*",
                "doctrine/dbal": ">=2.3-dev,<2.5-dev"
            },
            "suggest": {
                "symfony/yaml": "If you want to use YAML Metadata Mapping Driver"
            },
            "time": "1348189822",
            "bin": [
                "bin/doctrine",
                "bin/doctrine.php"
            ],
            "type": "library",
            "extra": {
                "branch-alias": {
                    "dev-master": "2.4.x-dev"
                }
            },
            "installation-source": "source",
            "autoload": {
                "psr-0": {
                    "Doctrine\\ORM": "lib/"
                }
            },
            "license": [
                "MIT"
            ],
            "authors": [
                {
                    "name": "Jonathan Wage",
                    "email": "jonwage@gmail.com",
                    "homepage": "http://www.jwage.com/"
                },
                {
                    "name": "Guilherme Blanco",
                    "email": "guilhermeblanco@gmail.com"
                },
                {
                    "name": "Roman Borschel",
                    "email": "roman@code-factory.org"
                },
                {
                    "name": "Benjamin Eberlei",
                    "email": "kontakt@beberlei.de"
                }
            ],
            "description": "Object-Relational-Mapper for PHP",
            "homepage": "http://www.doctrine-project.org",
            "keywords": [
                "database",
                "orm"
            ]
        },
        {
            "name": "dojo/dijit",
            "version": "1.8.0",
            "source": {
                "type": "git",
                "url": "http://github.com/dojo/dijit",
                "reference": "1.8.0"
            },
            "type": "library",
            "installation-source": "source"
        },
        {
            "name": "dojo/dojo",
            "version": "1.8.0",
            "source": {
                "type": "git",
                "url": "http://github.com/dojo/dojo",
                "reference": "1.8.0"
            },
            "type": "library",
            "installation-source": "source"
        },
        {
            "name": "dojo/dojox",
            "version": "1.8.0",
            "source": {
                "type": "git",
                "url": "http://github.com/dojo/dojox",
                "reference": "1.8.0"
            },
            "type": "library",
            "installation-source": "source"
        },
        {
            "name": "dojo/util",
            "version": "1.8.0",
            "source": {
                "type": "git",
                "url": "http://github.com/dojo/util",
                "reference": "1.8.0"
            },
            "type": "library",
            "installation-source": "source"
        },
        {
            "name": "kriswallsmith/assetic",
            "version": "dev-master",
            "source": {
                "type": "git",
                "url": "http://github.com/kriswallsmith/assetic.git",
                "reference": "a6baab9b4c4361aca51bf90ee47c1586dff3cb0c"
            },
            "dist": {
                "type": "zip",
                "url": "https://github.com/kriswallsmith/assetic/zipball/a6baab9b4c4361aca51bf90ee47c1586dff3cb0c",
                "reference": "a6baab9b4c4361aca51bf90ee47c1586dff3cb0c",
                "shasum": ""
            },
            "require": {
                "symfony/process": "2.1.*",
                "php": ">=5.3.1"
            },
            "require-dev": {
                "twig/twig": ">=1.6.0,<2.0",
                "leafo/lessphp": "*",
                "leafo/scssphp": "*",
                "ptachoire/cssembed": "*",
                "leafo/scssphp-compass": "*"
            },
            "suggest": {
                "twig/twig": "Assetic provides the integration with the Twig templating engine",
                "leafo/lessphp": "Assetic provides the integration with the lessphp LESS compiler",
                "leafo/scssphp": "Assetic provides the integration with the scssphp SCSS compiler",
                "ptachoire/cssembed": "Assetic provides the integration with phpcssembed to embed data uris",
                "leafo/scssphp-compass": "Assetic provides the integration with the SCSS compass plugin"
            },
            "time": "1347622188",
            "type": "library",
            "extra": {
                "branch-alias": {
                    "dev-master": "1.1-dev"
                }
            },
            "installation-source": "source",
            "autoload": {
                "psr-0": {
                    "Assetic": "src/"
                },
                "files": [
                    "src/functions.php"
                ]
            },
            "license": [
                "MIT"
            ],
            "authors": [
                {
                    "name": "Kris Wallsmith",
                    "email": "kris.wallsmith@gmail.com",
                    "homepage": "http://kriswallsmith.net/"
                }
            ],
            "description": "Asset Management for PHP",
            "homepage": "https://github.com/kriswallsmith/assetic",
            "keywords": [
                "assets",
                "compression",
                "minification"
            ]
        },
        {
            "name": "rwoverdijk/assetmanager",
            "version": "dev-master",
            "source": {
                "type": "git",
                "url": "https://github.com/RWOverdijk/AssetManager",
                "reference": "0a36c20a82ea4f724ca0a2dbfec8eeb43310b54c"
            },
            "dist": {
                "type": "zip",
                "url": "https://github.com/RWOverdijk/AssetManager/zipball/0a36c20a82ea4f724ca0a2dbfec8eeb43310b54c",
                "reference": "0a36c20a82ea4f724ca0a2dbfec8eeb43310b54c",
                "shasum": ""
            },
            "require": {
                "php": ">=5.3.3",
                "zendframework/zendframework": "2.0.*",
                "kriswallsmith/assetic": "*"
            },
            "time": "1347642530",
            "type": "library",
            "installation-source": "source",
            "autoload": {
                "psr-0": {
                    "AssetManager": "src/"
                }
            },
            "authors": [
                {
                    "name": "Marco Pivetta",
                    "email": "ocramius@gmail.com",
                    "homepage": "http://marco-pivetta.com/"
                },
                {
                    "name": "Wesley Overdijk",
                    "email": "r.w.overdijk@gmail.com",
                    "homepage": "http://blog.spoonx.nl/"
                }
            ],
            "description": "An assetmanager module for Zend Framework 2.",
            "homepage": "https://github.com/RWOverdijk/AssetManager",
            "keywords": [
                "asset",
                "zf2",
                "zend framework 2",
                "asset manager"
            ]
        },
        {
            "name": "superdweebie/dojo",
            "version": "1.8.0",
            "source": {
                "type": "git",
                "url": "https://github.com/superdweebie/dojo",
                "reference": "1.8.0"
            },
            "dist": {
                "type": "zip",
                "url": "https://github.com/superdweebie/dojo/zipball/1.8.0",
                "reference": "1.8.0",
                "shasum": ""
            },
            "require": {
                "dojo/dojo": "1.8.0",
                "dojo/dijit": "1.8.0",
                "dojo/dojox": "1.8.0",
                "dojo/util": "1.8.0"
            },
            "time": "2012-09-06 21:56:00",
            "type": "library",
            "installation-source": "dist",
            "license": [
                "MIT"
            ],
            "authors": [
                {
                    "name": "Tim Roediger",
                    "email": "superdweebie@gmail.com",
                    "homepage": "http://superdweebie.com"
                }
            ],
            "description": "A simple repo that allows dojo to be installed with composer",
            "homepage": "http://github.com/superdweebie/dojo",
            "keywords": [
                "composer",
                "dojo"
            ]
        },
        {
            "name": "symfony/console",
            "version": "dev-master",
            "target-dir": "Symfony/Component/Console",
            "source": {
                "type": "git",
                "url": "https://github.com/symfony/Console",
                "reference": "0be8fcc7be5529db08278d21ebc6c51f8216144a"
            },
            "dist": {
                "type": "zip",
                "url": "https://github.com/symfony/Console/zipball/0be8fcc7be5529db08278d21ebc6c51f8216144a",
                "reference": "0be8fcc7be5529db08278d21ebc6c51f8216144a",
                "shasum": ""
            },
            "require": {
                "php": ">=5.3.3"
            },
            "time": "1348209299",
            "type": "library",
            "extra": {
                "branch-alias": {
                    "dev-master": "2.2-dev"
                }
            },
            "installation-source": "source",
            "autoload": {
                "psr-0": {
                    "Symfony\\Component\\Console": ""
                }
            },
            "license": [
                "MIT"
            ],
            "authors": [
                {
                    "name": "Fabien Potencier",
                    "email": "fabien@symfony.com"
                },
                {
                    "name": "Symfony Community",
                    "homepage": "http://symfony.com/contributors"
                }
            ],
            "description": "Symfony Console Component",
            "homepage": "http://symfony.com"
        },
        {
            "name": "symfony/process",
            "version": "2.1.x-dev",
            "target-dir": "Symfony/Component/Process",
            "source": {
                "type": "git",
                "url": "https://github.com/symfony/Process",
                "reference": "v2.1.2"
            },
            "dist": {
                "type": "zip",
                "url": "https://github.com/symfony/Process/zipball/v2.1.2",
                "reference": "v2.1.2",
                "shasum": ""
            },
            "require": {
                "php": ">=5.3.3"
            },
            "time": "1348007849",
            "type": "library",
            "extra": {
                "branch-alias": {
                    "dev-master": "2.1-dev"
                }
            },
            "installation-source": "source",
            "autoload": {
                "psr-0": {
                    "Symfony\\Component\\Process": ""
                }
            },
            "license": [
                "MIT"
            ],
            "authors": [
                {
                    "name": "Fabien Potencier",
                    "email": "fabien@symfony.com"
                },
                {
                    "name": "Symfony Community",
                    "homepage": "http://symfony.com/contributors"
                }
            ],
            "description": "Symfony Process Component",
            "homepage": "http://symfony.com"
        },
        {
            "name": "zendframework/zendframework",
            "version": "dev-master",
            "source": {
                "type": "git",
                "url": "git://github.com/zendframework/zf2.git",
                "reference": "1736dd000849a08b9b1ff64bf4f9eb6532407432"
            },
            "dist": {
                "type": "zip",
                "url": "https://github.com/zendframework/zf2/zipball/7a69c342c2afe18e67dd5b736ab92023250baeaa",
                "reference": "7a69c342c2afe18e67dd5b736ab92023250baeaa",
                "shasum": ""
            },
            "require": {
                "php": ">=5.3.3"
            },
            "replace": {
                "zendframework/zend-acl": "self.version",
                "zendframework/zend-authentication": "self.version",
                "zendframework/zend-barcode": "self.version",
                "zendframework/zend-cache": "self.version",
                "zendframework/zend-captcha": "self.version",
                "zendframework/zend-code": "self.version",
                "zendframework/zend-config": "self.version",
                "zendframework/zend-console": "self.version",
                "zendframework/zend-crypt": "self.version",
                "zendframework/zend-db": "self.version",
                "zendframework/zend-di": "self.version",
                "zendframework/zend-dom": "self.version",
                "zendframework/zend-eventmanager": "self.version",
                "zendframework/zend-feed": "self.version",
                "zendframework/zend-file": "self.version",
                "zendframework/zend-filter": "self.version",
                "zendframework/zend-form": "self.version",
                "zendframework/zend-http": "self.version",
                "zendframework/zend-inputfilter": "self.version",
                "zendframework/zend-json": "self.version",
                "zendframework/zend-ldap": "self.version",
                "zendframework/zend-loader": "self.version",
                "zendframework/zend-log": "self.version",
                "zendframework/zend-mail": "self.version",
                "zendframework/zend-markup": "self.version",
                "zendframework/zend-math": "self.version",
                "zendframework/zend-memory": "self.version",
                "zendframework/zend-mime": "self.version",
                "zendframework/zend-modulemanager": "self.version",
                "zendframework/zend-mvc": "self.version",
                "zendframework/zend-navigation": "self.version",
                "zendframework/zend-paginator": "self.version",
                "zendframework/zend-progressbar": "self.version",
                "zendframework/zend-serializer": "self.version",
                "zendframework/zend-server": "self.version",
                "zendframework/zend-servicemanager": "self.version",
                "zendframework/zend-session": "self.version",
                "zendframework/zend-soap": "self.version",
                "zendframework/zend-stdlib": "self.version",
                "zendframework/zend-tag": "self.version",
                "zendframework/zend-text": "self.version",
                "zendframework/zend-uri": "self.version",
                "zendframework/zend-validator": "self.version",
                "zendframework/zend-view": "self.version",
                "zendframework/zend-xmlrpc": "self.version",
                "zendframework/zend-escaper": "self.version",
                "zendframework/zend-i18n": "self.version"
            },
            "require-dev": {
                "doctrine/common": ">=2.1"
            },
            "suggest": {
                "doctrine/common": "Doctrine\\Common >=2.1 for annotation features",
                "ext-intl": "ext/intl for i18n features",
                "zendframework/zendservice-recaptcha": "ZendService\\ReCaptcha for rendering ReCaptchas in Zend\\Captcha and/or Zend\\Form",
                "zendframework/zendpdf": "ZendPdf for creating PDF representations of barcodes",
                "pecl-weakref": "Implementation of weak references for Zend\\Stdlib\\CallbackHandler"
            },
            "time": "1346256403",
            "type": "library",
            "extra": {
                "branch-alias": {
                    "dev-master": "2.0-dev"
                }
            },
            "installation-source": "source",
            "autoload": {
                "psr-0": {
                    "Zend\\": "library/",
                    "ZendTest\\": "tests/"
                }
            },
            "license": [
                "BSD-3-Clause"
            ],
            "description": "Zend Framework 2",
            "homepage": "http://framework.zend.com/",
            "keywords": [
                "framework",
                "zf2"
            ]
        },
        {
            "name": "zf-commons/zfc-base",
            "version": "dev-master",
            "source": {
                "type": "git",
                "url": "git://github.com/ZF-Commons/ZfcBase.git",
                "reference": "5057eb22bdc5a97e4b23716079485bfa92e44054"
            },
            "dist": {
                "type": "zip",
                "url": "https://github.com/ZF-Commons/ZfcBase/zipball/5057eb22bdc5a97e4b23716079485bfa92e44054",
                "reference": "5057eb22bdc5a97e4b23716079485bfa92e44054",
                "shasum": ""
            },
            "require": {
                "php": ">=5.3.3",
                "zendframework/zendframework": "2.*"
            },
            "time": "1347633346",
            "type": "library",
            "installation-source": "source",
            "autoload": {
                "psr-0": {
                    "ZfcBase": "src/"
                },
                "classmap": [
                    "./Module.php"
                ]
            },
            "authors": [
                {
                    "name": "Kyle Spraggs",
                    "email": "theman@spiffyjr.me",
                    "homepage": "http://www.spiffyjr.me/"
                },
                {
                    "name": "Evan Coury",
                    "email": "me@evancoury.com",
                    "homepage": "http://blog.evan.pro/"
                }
            ],
            "description": "A set of genetic (abstract) classes which are commonly used across multiple modules.",
            "homepage": "https://github.com/ZF-Commons/ZfcBase",
            "keywords": [
                "zf2"
            ]
        },
        {
            "name": "zf-commons/zfc-user",
            "version": "dev-master",
            "source": {
                "type": "git",
                "url": "git://github.com/ZF-Commons/ZfcUser.git",
                "reference": "f190c9b4f45c9b631231de0f7f679d259c602c0c"
            },
            "dist": {
                "type": "zip",
                "url": "https://github.com/ZF-Commons/ZfcUser/zipball/f190c9b4f45c9b631231de0f7f679d259c602c0c",
                "reference": "f190c9b4f45c9b631231de0f7f679d259c602c0c",
                "shasum": ""
            },
            "require": {
                "php": ">=5.3.3",
                "zf-commons/zfc-base": "dev-master",
                "zendframework/zendframework": "2.*"
            },
            "time": "1348656444",
            "type": "library",
            "installation-source": "source",
            "autoload": {
                "psr-0": {
                    "ZfcUser": "src/"
                },
                "classmap": [
                    "./Module.php"
                ]
            },
            "authors": [
                {
                    "name": "Kyle Spraggs",
                    "email": "theman@spiffyjr.me",
                    "homepage": "http://www.spiffyjr.me/"
                },
                {
                    "name": "Evan Coury",
                    "email": "me@evancoury.com",
                    "homepage": "http://blog.evan.pro/"
                }
            ],
            "description": "A generic user registration and authentication module for ZF2. Supports Zend\\Db and Doctrine2.",
            "homepage": "https://github.com/ZF-Commons/ZfcUser",
            "keywords": [
                "zf2"
            ]
        },
        {
            "name": "zf-commons/zfc-user-doctrine-orm",
            "version": "dev-master",
            "source": {
                "type": "git",
                "url": "git://github.com/ZF-Commons/ZfcUserDoctrineORM.git",
                "reference": "71017a46732916432d986b208267661ad2157d5d"
            },
            "dist": {
                "type": "zip",
                "url": "https://github.com/ZF-Commons/ZfcUserDoctrineORM/zipball/71017a46732916432d986b208267661ad2157d5d",
                "reference": "71017a46732916432d986b208267661ad2157d5d",
                "shasum": ""
            },
            "require": {
                "php": ">=5.3.3",
                "zf-commons/zfc-base": "dev-master",
                "zf-commons/zfc-user": "dev-master",
                "doctrine/doctrine-orm-module": "dev-master",
                "zendframework/zendframework": "2.*"
            },
            "time": "1346925644",
            "type": "library",
            "installation-source": "source",
            "autoload": {
                "psr-0": {
                    "ZfcUserDoctrineORM": "src/"
                },
                "classmap": [
                    "./"
                ]
            },
            "authors": [
                {
                    "name": "Kyle Spraggs",
                    "email": "theman@spiffyjr.me",
                    "homepage": "http://www.spiffyjr.me/"
                },
                {
                    "name": "Evan Coury",
                    "email": "me@evancoury.com",
                    "homepage": "http://blog.evan.pro/"
                }
            ],
            "description": "Doctrine2 ORM storage adapter for ZfcUser.",
            "homepage": "https://github.com/ZF-Commons/ZfcUserDoctrineORM",
            "keywords": [
                "zf2"
            ]
        }
    ],
    "packages-dev": null,
    "aliases": [

    ],
    "minimum-stability": "dev",
    "stability-flags": {
        "zendframework/zendframework": 20,
        "rwoverdijk/assetmanager": 20,
        "doctrine/doctrine-orm-module": 20,
        "zf-commons/zfc-user": 20,
        "zf-commons/zfc-user-doctrine-orm": 20,
        "bjyoungblood/bjyauthorize": 20
    }
}
