{
    "hash": "b385d6dfbbf278e459107461e9fba621",
    "packages": [
        {
            "name": "dojo/dijit",
            "version": "1.8.0",
            "source": {
                "type": "git",
                "url": "http://github.com/dojo/dijit",
                "reference": "1.8.0"
            },
            "type": "library",
            "installation-source": "source"
        },
        {
            "name": "dojo/dojo",
            "version": "1.8.0",
            "source": {
                "type": "git",
                "url": "http://github.com/dojo/dojo",
                "reference": "1.8.0"
            },
            "type": "library",
            "installation-source": "source"
        },
        {
            "name": "dojo/dojox",
            "version": "1.8.0",
            "source": {
                "type": "git",
                "url": "http://github.com/dojo/dojox",
                "reference": "1.8.0"
            },
            "type": "library",
            "installation-source": "source"
        },
        {
            "name": "dojo/util",
            "version": "1.8.0",
            "source": {
                "type": "git",
                "url": "http://github.com/dojo/util",
                "reference": "1.8.0"
            },
            "type": "library",
            "installation-source": "source"
        },
        {
            "name": "kriswallsmith/assetic",
            "version": "dev-master",
            "source": {
                "type": "git",
                "url": "http://github.com/kriswallsmith/assetic.git",
                "reference": "a6baab9b4c4361aca51bf90ee47c1586dff3cb0c"
            },
            "dist": {
                "type": "zip",
                "url": "https://github.com/kriswallsmith/assetic/zipball/a6baab9b4c4361aca51bf90ee47c1586dff3cb0c",
                "reference": "a6baab9b4c4361aca51bf90ee47c1586dff3cb0c",
                "shasum": ""
            },
            "require": {
                "symfony/process": "2.1.*",
                "php": ">=5.3.1"
            },
            "require-dev": {
                "twig/twig": ">=1.6.0,<2.0",
                "leafo/lessphp": "*",
                "leafo/scssphp": "*",
                "ptachoire/cssembed": "*",
                "leafo/scssphp-compass": "*"
            },
            "suggest": {
                "twig/twig": "Assetic provides the integration with the Twig templating engine",
                "leafo/lessphp": "Assetic provides the integration with the lessphp LESS compiler",
                "leafo/scssphp": "Assetic provides the integration with the scssphp SCSS compiler",
                "ptachoire/cssembed": "Assetic provides the integration with phpcssembed to embed data uris",
                "leafo/scssphp-compass": "Assetic provides the integration with the SCSS compass plugin"
            },
            "time": "1347622188",
            "type": "library",
            "extra": {
                "branch-alias": {
                    "dev-master": "1.1-dev"
                }
            },
            "installation-source": "source",
            "autoload": {
                "psr-0": {
                    "Assetic": "src/"
                },
                "files": [
                    "src/functions.php"
                ]
            },
            "license": [
                "MIT"
            ],
            "authors": [
                {
                    "name": "Kris Wallsmith",
                    "email": "kris.wallsmith@gmail.com",
                    "homepage": "http://kriswallsmith.net/"
                }
            ],
            "description": "Asset Management for PHP",
            "homepage": "https://github.com/kriswallsmith/assetic",
            "keywords": [
                "assets",
                "compression",
                "minification"
            ]
        },
        {
            "name": "rwoverdijk/assetmanager",
            "version": "dev-master",
            "source": {
                "type": "git",
                "url": "https://github.com/RWOverdijk/AssetManager",
                "reference": "0a36c20a82ea4f724ca0a2dbfec8eeb43310b54c"
            },
            "dist": {
                "type": "zip",
                "url": "https://github.com/RWOverdijk/AssetManager/zipball/0a36c20a82ea4f724ca0a2dbfec8eeb43310b54c",
                "reference": "0a36c20a82ea4f724ca0a2dbfec8eeb43310b54c",
                "shasum": ""
            },
            "require": {
                "php": ">=5.3.3",
                "zendframework/zendframework": "2.0.*",
                "kriswallsmith/assetic": "*"
            },
            "time": "1347642530",
            "type": "library",
            "installation-source": "source",
            "autoload": {
                "psr-0": {
                    "AssetManager": "src/"
                }
            },
            "authors": [
                {
                    "name": "Marco Pivetta",
                    "email": "ocramius@gmail.com",
                    "homepage": "http://marco-pivetta.com/"
                },
                {
                    "name": "Wesley Overdijk",
                    "email": "r.w.overdijk@gmail.com",
                    "homepage": "http://blog.spoonx.nl/"
                }
            ],
            "description": "An assetmanager module for Zend Framework 2.",
            "homepage": "https://github.com/RWOverdijk/AssetManager",
            "keywords": [
                "asset",
                "zf2",
                "zend framework 2",
                "asset manager"
            ]
        },
        {
            "name": "superdweebie/dojo",
            "version": "1.8.0",
            "source": {
                "type": "git",
                "url": "https://github.com/superdweebie/dojo",
                "reference": "1.8.0"
            },
            "dist": {
                "type": "zip",
                "url": "https://github.com/superdweebie/dojo/zipball/1.8.0",
                "reference": "1.8.0",
                "shasum": ""
            },
            "require": {
                "dojo/dojo": "1.8.0",
                "dojo/dijit": "1.8.0",
                "dojo/dojox": "1.8.0",
                "dojo/util": "1.8.0"
            },
            "time": "2012-09-06 21:56:00",
            "type": "library",
            "installation-source": "dist",
            "license": [
                "MIT"
            ],
            "authors": [
                {
                    "name": "Tim Roediger",
                    "email": "superdweebie@gmail.com",
                    "homepage": "http://superdweebie.com"
                }
            ],
            "description": "A simple repo that allows dojo to be installed with composer",
            "homepage": "http://github.com/superdweebie/dojo",
            "keywords": [
                "composer",
                "dojo"
            ]
        },
        {
            "name": "symfony/process",
            "version": "2.1.x-dev",
            "target-dir": "Symfony/Component/Process",
            "source": {
                "type": "git",
                "url": "https://github.com/symfony/Process",
                "reference": "v2.1.2"
            },
            "dist": {
                "type": "zip",
                "url": "https://github.com/symfony/Process/zipball/v2.1.2",
                "reference": "v2.1.2",
                "shasum": ""
            },
            "require": {
                "php": ">=5.3.3"
            },
            "time": "1348007849",
            "type": "library",
            "extra": {
                "branch-alias": {
                    "dev-master": "2.1-dev"
                }
            },
            "installation-source": "source",
            "autoload": {
                "psr-0": {
                    "Symfony\\Component\\Process": ""
                }
            },
            "license": [
                "MIT"
            ],
            "authors": [
                {
                    "name": "Fabien Potencier",
                    "email": "fabien@symfony.com"
                },
                {
                    "name": "Symfony Community",
                    "homepage": "http://symfony.com/contributors"
                }
            ],
            "description": "Symfony Process Component",
            "homepage": "http://symfony.com"
        },
        {
            "name": "zendframework/zendframework",
            "version": "dev-master",
            "source": {
                "type": "git",
                "url": "git://github.com/zendframework/zf2.git",
                "reference": "1736dd000849a08b9b1ff64bf4f9eb6532407432"
            },
            "dist": {
                "type": "zip",
                "url": "https://github.com/zendframework/zf2/zipball/7a69c342c2afe18e67dd5b736ab92023250baeaa",
                "reference": "7a69c342c2afe18e67dd5b736ab92023250baeaa",
                "shasum": ""
            },
            "require": {
                "php": ">=5.3.3"
            },
            "replace": {
                "zendframework/zend-acl": "self.version",
                "zendframework/zend-authentication": "self.version",
                "zendframework/zend-barcode": "self.version",
                "zendframework/zend-cache": "self.version",
                "zendframework/zend-captcha": "self.version",
                "zendframework/zend-code": "self.version",
                "zendframework/zend-config": "self.version",
                "zendframework/zend-console": "self.version",
                "zendframework/zend-crypt": "self.version",
                "zendframework/zend-db": "self.version",
                "zendframework/zend-di": "self.version",
                "zendframework/zend-dom": "self.version",
                "zendframework/zend-eventmanager": "self.version",
                "zendframework/zend-feed": "self.version",
                "zendframework/zend-file": "self.version",
                "zendframework/zend-filter": "self.version",
                "zendframework/zend-form": "self.version",
                "zendframework/zend-http": "self.version",
                "zendframework/zend-inputfilter": "self.version",
                "zendframework/zend-json": "self.version",
                "zendframework/zend-ldap": "self.version",
                "zendframework/zend-loader": "self.version",
                "zendframework/zend-log": "self.version",
                "zendframework/zend-mail": "self.version",
                "zendframework/zend-markup": "self.version",
                "zendframework/zend-math": "self.version",
                "zendframework/zend-memory": "self.version",
                "zendframework/zend-mime": "self.version",
                "zendframework/zend-modulemanager": "self.version",
                "zendframework/zend-mvc": "self.version",
                "zendframework/zend-navigation": "self.version",
                "zendframework/zend-paginator": "self.version",
                "zendframework/zend-progressbar": "self.version",
                "zendframework/zend-serializer": "self.version",
                "zendframework/zend-server": "self.version",
                "zendframework/zend-servicemanager": "self.version",
                "zendframework/zend-session": "self.version",
                "zendframework/zend-soap": "self.version",
                "zendframework/zend-stdlib": "self.version",
                "zendframework/zend-tag": "self.version",
                "zendframework/zend-text": "self.version",
                "zendframework/zend-uri": "self.version",
                "zendframework/zend-validator": "self.version",
                "zendframework/zend-view": "self.version",
                "zendframework/zend-xmlrpc": "self.version",
                "zendframework/zend-escaper": "self.version",
                "zendframework/zend-i18n": "self.version"
            },
            "require-dev": {
                "doctrine/common": ">=2.1"
            },
            "suggest": {
                "doctrine/common": "Doctrine\\Common >=2.1 for annotation features",
                "ext-intl": "ext/intl for i18n features",
                "zendframework/zendservice-recaptcha": "ZendService\\ReCaptcha for rendering ReCaptchas in Zend\\Captcha and/or Zend\\Form",
                "zendframework/zendpdf": "ZendPdf for creating PDF representations of barcodes",
                "pecl-weakref": "Implementation of weak references for Zend\\Stdlib\\CallbackHandler"
            },
            "time": "1346256403",
            "type": "library",
            "extra": {
                "branch-alias": {
                    "dev-master": "2.0-dev"
                }
            },
            "installation-source": "source",
            "autoload": {
                "psr-0": {
                    "Zend\\": "library/",
                    "ZendTest\\": "tests/"
                }
            },
            "license": [
                "BSD-3-Clause"
            ],
            "description": "Zend Framework 2",
            "homepage": "http://framework.zend.com/",
            "keywords": [
                "framework",
                "zf2"
            ]
        }
    ],
    "packages-dev": null,
    "aliases": [

    ],
    "minimum-stability": "dev",
    "stability-flags": {
        "zendframework/zendframework": 20,
        "rwoverdijk/assetmanager": 20
    }
}
