{
    "hash": "7cb31eea076a6ef997a62c1199de6be2",
    "packages": [
        {
            "name": "bjyoungblood/BjyAuthorize",
            "version": "dev-master",
            "source": {
                "type": "git",
                "url": "git://github.com/bjyoungblood/BjyAuthorize.git",
                "reference": "91fe03ec3f047145e9ee975fe25b16e49947e468"
            },
            "dist": {
                "type": "zip",
                "url": "https://github.com/bjyoungblood/BjyAuthorize/zipball/91fe03ec3f047145e9ee975fe25b16e49947e468",
                "reference": "91fe03ec3f047145e9ee975fe25b16e49947e468",
                "shasum": ""
            },
            "require": {
                "php": ">=5.3.3",
                "zendframework/zendframework": "2.0.*",
                "zf-commons/zfc-base": "dev-master",
                "zf-commons/zfc-user": "dev-master"
            },
            "suggest": {
                "zf-commons/zfc-user-doctrine-orm": "dev-master"
            },
            "time": "1348850741",
            "type": "library",
            "installation-source": "source",
            "autoload": {
                "psr-0": {
                    "BjyAuthorize": "src/"
                },
                "classmap": [
                    "./"
                ]
            },
            "authors": [
                {
                    "name": "Ben Youngblood",
                    "email": "bx.youngblood@gmail.com",
                    "homepage": "http://bjyoungblood.com/"
                }
            ],
            "description": "Easy-use loader and manager for Zend\\Acl with built-in route and dispatch protection",
            "homepage": "https://github.com/bjyoungblood/BjyAuthorize",
            "keywords": [
                "zf2",
                "acl",
                "zfc-user"
            ]
        },
        {
            "name": "doctrine/common",
            "version": "dev-master",
            "source": {
                "type": "git",
                "url": "https://github.com/doctrine/common",
                "reference": "9e3bea96c8f4fb65d62270f66c4e8cee4de20438"
            },
            "dist": {
                "type": "zip",
                "url": "https://github.com/doctrine/common/zipball/9e3bea96c8f4fb65d62270f66c4e8cee4de20438",
                "reference": "9e3bea96c8f4fb65d62270f66c4e8cee4de20438",
                "shasum": ""
            },
            "require": {
                "php": ">=5.3.2"
            },
            "time": "1349083159",
            "type": "library",
            "extra": {
                "branch-alias": {
                    "dev-master": "2.4.x-dev"
                }
            },
            "installation-source": "source",
            "autoload": {
                "psr-0": {
                    "Doctrine\\Common\\": "lib/"
                }
            },
            "license": [
                "MIT"
            ],
            "authors": [
                {
                    "name": "Jonathan Wage",
                    "email": "jonwage@gmail.com",
                    "homepage": "http://www.jwage.com/"
                },
                {
                    "name": "Guilherme Blanco",
                    "email": "guilhermeblanco@gmail.com",
                    "homepage": "http://www.instaclick.com"
                },
                {
                    "name": "Roman Borschel",
                    "email": "roman@code-factory.org"
                },
                {
                    "name": "Benjamin Eberlei",
                    "email": "kontakt@beberlei.de"
                },
                {
                    "name": "Johannes Schmitt",
                    "email": "schmittjoh@gmail.com",
                    "homepage": "https://github.com/schmittjoh",
                    "role": "Developer of wrapped JMSSerializerBundle"
                }
            ],
            "description": "Common Library for Doctrine projects",
            "homepage": "http://www.doctrine-project.org",
            "keywords": [
                "collections",
                "spl",
                "eventmanager",
                "annotations",
                "persistence"
            ]
        },
        {
            "name": "doctrine/data-fixtures",
            "version": "dev-master",
            "source": {
                "type": "git",
                "url": "https://github.com/doctrine/data-fixtures.git",
                "reference": "b29bad9738fada9486961f60542f2d2d77c7b501"
            },
            "dist": {
                "type": "zip",
                "url": "https://github.com/doctrine/data-fixtures/zipball/b29bad9738fada9486961f60542f2d2d77c7b501",
                "reference": "b29bad9738fada9486961f60542f2d2d77c7b501",
                "shasum": ""
            },
            "require": {
                "php": ">=5.3.2"
            },
            "time": "1348136794",
            "type": "library",
            "installation-source": "source",
            "autoload": {
                "psr-0": {
                    "Doctrine\\Common\\DataFixtures": "lib/"
                }
            },
            "license": [
                "MIT"
            ],
            "authors": [
                {
                    "name": "Jonathan Wage",
                    "email": "jonwage@gmail.com",
                    "homepage": "http://www.jwage.com/"
                }
            ],
            "description": "Data Fixtures for all Doctrine Object Managers",
            "homepage": "http://www.doctrine-project.org",
            "keywords": [
                "database"
            ]
        },
        {
            "name": "doctrine/dbal",
            "version": "dev-master",
            "source": {
                "type": "git",
                "url": "https://github.com/doctrine/dbal",
                "reference": "6126f8ff1f77c4515b860598c9c423b22f344fb7"
            },
            "dist": {
                "type": "zip",
                "url": "https://github.com/doctrine/dbal/zipball/6126f8ff1f77c4515b860598c9c423b22f344fb7",
                "reference": "6126f8ff1f77c4515b860598c9c423b22f344fb7",
                "shasum": ""
            },
            "require": {
                "php": ">=5.3.2",
                "doctrine/common": ">=2.3-dev,<2.5-dev"
            },
            "time": "1349469050",
            "type": "library",
            "extra": {
                "branch-alias": {
                    "dev-master": "2.4.x-dev"
                }
            },
            "installation-source": "source",
            "autoload": {
                "psr-0": {
                    "Doctrine\\DBAL\\": "lib/"
                }
            },
            "license": [
                "MIT"
            ],
            "authors": [
                {
                    "name": "Jonathan Wage",
                    "email": "jonwage@gmail.com",
                    "homepage": "http://www.jwage.com/"
                },
                {
                    "name": "Guilherme Blanco",
                    "email": "guilhermeblanco@gmail.com",
                    "homepage": "http://www.instaclick.com"
                },
                {
                    "name": "Roman Borschel",
                    "email": "roman@code-factory.org"
                },
                {
                    "name": "Benjamin Eberlei",
                    "email": "kontakt@beberlei.de"
                }
            ],
            "description": "Database Abstraction Layer",
            "homepage": "http://www.doctrine-project.org",
            "keywords": [
                "database",
                "persistence",
                "dbal",
                "queryobject"
            ]
        },
        {
            "name": "doctrine/doctrine-module",
            "version": "dev-master",
            "source": {
                "type": "git",
                "url": "git://github.com/doctrine/DoctrineModule.git",
                "reference": "185aa3b8d8dcc58363fbd2b1af43892f6bb79869"
            },
            "dist": {
                "type": "zip",
                "url": "https://github.com/doctrine/DoctrineModule/zipball/185aa3b8d8dcc58363fbd2b1af43892f6bb79869",
                "reference": "185aa3b8d8dcc58363fbd2b1af43892f6bb79869",
                "shasum": ""
            },
            "require": {
                "php": ">=5.3.3",
                "doctrine/data-fixtures": "dev-master",
                "symfony/console": ">=2.0.13",
                "doctrine/common": ">=2.3-dev,<2.5-dev",
                "zendframework/zendframework": "2.*"
            },
            "time": "1349336222",
            "bin": [
                "bin/doctrine-module"
            ],
            "type": "library",
            "installation-source": "source",
            "autoload": {
                "psr-0": {
                    "DoctrineModule\\": "src/"
                }
            },
            "license": [
                "MIT"
            ],
            "authors": [
                {
                    "name": "Kyle Spraggs",
                    "email": "theman@spiffyjr.me",
                    "homepage": "http://www.spiffyjr.me/"
                },
                {
                    "name": "Marco Pivetta",
                    "email": "ocramius@gmail.com",
                    "homepage": "http://marco-pivetta.com/"
                },
                {
                    "name": "Evan Coury",
                    "email": "me@evancoury.com",
                    "homepage": "http://blog.evan.pro/"
                },
                {
                    "name": "Guilherme Blanco",
                    "email": "guilhermeblanco@hotmail.com"
                }
            ],
            "description": "Zend Framework 2 Module that provides Doctrine basic functionality required for ORM and ODM modules",
            "homepage": "http://www.doctrine-project.org/",
            "keywords": [
                "zf2",
                "module",
                "doctrine"
            ]
        },
        {
            "name": "doctrine/doctrine-orm-module",
            "version": "dev-master",
            "source": {
                "type": "git",
                "url": "git://github.com/doctrine/DoctrineORMModule.git",
                "reference": "71b0e01e0d3c00a9d3797ca65e6e7f37f7dbf463"
            },
            "dist": {
                "type": "zip",
                "url": "https://github.com/doctrine/DoctrineORMModule/zipball/71b0e01e0d3c00a9d3797ca65e6e7f37f7dbf463",
                "reference": "71b0e01e0d3c00a9d3797ca65e6e7f37f7dbf463",
                "shasum": ""
            },
            "require": {
                "php": ">=5.3.3",
                "doctrine/doctrine-module": "dev-master",
                "doctrine/migrations": "dev-master",
                "doctrine/orm": ">=2.3-dev,<2.5-dev",
                "doctrine/dbal": ">=2.3-dev,<2.5-dev",
                "zendframework/zendframework": "2.*"
            },
            "require-dev": {
                "zendframework/zend-developer-tools": "dev-master"
            },
            "suggest": {
                "zendframework/zend-developer-tools": "zend-developer-tools if you want to profile operations executed by the ORM during development"
            },
            "time": "1349372027",
            "type": "library",
            "installation-source": "source",
            "autoload": {
                "psr-0": {
                    "DoctrineORMModule\\": "src/",
                    "DoctrineORMModuleTest\\": "tests/"
                }
            },
            "license": [
                "MIT"
            ],
            "authors": [
                {
                    "name": "Kyle Spraggs",
                    "email": "theman@spiffyjr.me",
                    "homepage": "http://www.spiffyjr.me/"
                },
                {
                    "name": "Marco Pivetta",
                    "email": "ocramius@gmail.com",
                    "homepage": "http://marco-pivetta.com/"
                },
                {
                    "name": "Evan Coury",
                    "email": "me@evancoury.com",
                    "homepage": "http://blog.evan.pro/"
                },
                {
                    "name": "Guilherme Blanco",
                    "email": "guilhermeblanco@hotmail.com"
                }
            ],
            "description": "Zend Framework 2 Module that provides Doctrine ORM functionality",
            "homepage": "http://www.doctrine-project.org/",
            "keywords": [
                "orm",
                "zf2",
                "module",
                "doctrine"
            ]
        },
        {
            "name": "doctrine/migrations",
            "version": "dev-master",
            "source": {
                "type": "git",
                "url": "https://github.com/doctrine/migrations",
                "reference": "b38ddb190ec78d389b2c2de838b2a4d646ad1ce2"
            },
            "dist": {
                "type": "zip",
                "url": "https://github.com/doctrine/migrations/zipball/b38ddb190ec78d389b2c2de838b2a4d646ad1ce2",
                "reference": "b38ddb190ec78d389b2c2de838b2a4d646ad1ce2",
                "shasum": ""
            },
            "require": {
                "php": ">=5.3.2",
                "doctrine/dbal": ">=2.0,<2.5.x-dev"
            },
            "require-dev": {
                "symfony/console": "2.*",
                "symfony/yaml": "2.*"
            },
            "suggest": {
                "symfony/console": "to run the migration from the console"
            },
            "time": "1349435713",
            "type": "library",
            "installation-source": "source",
            "autoload": {
                "psr-0": {
                    "Doctrine\\DBAL\\Migrations": "lib"
                }
            },
            "license": [
                "LGPL"
            ],
            "authors": [
                {
                    "name": "Jonathan Wage",
                    "email": "jonwage@gmail.com",
                    "homepage": "http://www.jwage.com/"
                },
                {
                    "name": "Benjamin Eberlei",
                    "email": "kontakt@beberlei.de"
                }
            ],
            "description": "Database Schema migrations using Doctrine DBAL",
            "homepage": "http://www.doctrine-project.org",
            "keywords": [
                "database",
                "migrations"
            ]
        },
        {
            "name": "doctrine/orm",
            "version": "dev-master",
            "source": {
                "type": "git",
                "url": "git://github.com/doctrine/doctrine2.git",
                "reference": "a67a6aa6855600199bb2cc11a3c94e31d8f80eb6"
            },
            "dist": {
                "type": "zip",
                "url": "https://github.com/doctrine/doctrine2/zipball/a67a6aa6855600199bb2cc11a3c94e31d8f80eb6",
                "reference": "a67a6aa6855600199bb2cc11a3c94e31d8f80eb6",
                "shasum": ""
            },
            "require": {
                "php": ">=5.3.2",
                "ext-pdo": "*",
                "symfony/console": "2.*",
                "doctrine/dbal": ">=2.3-dev,<2.5-dev"
            },
            "suggest": {
                "symfony/yaml": "If you want to use YAML Metadata Mapping Driver"
            },
            "time": "1349512547",
            "bin": [
                "bin/doctrine",
                "bin/doctrine.php"
            ],
            "type": "library",
            "extra": {
                "branch-alias": {
                    "dev-master": "2.4.x-dev"
                }
            },
            "installation-source": "source",
            "autoload": {
                "psr-0": {
                    "Doctrine\\ORM\\": "lib/"
                }
            },
            "license": [
                "MIT"
            ],
            "authors": [
                {
                    "name": "Jonathan Wage",
                    "email": "jonwage@gmail.com",
                    "homepage": "http://www.jwage.com/"
                },
                {
                    "name": "Guilherme Blanco",
                    "email": "guilhermeblanco@gmail.com",
                    "homepage": "http://www.instaclick.com"
                },
                {
                    "name": "Roman Borschel",
                    "email": "roman@code-factory.org"
                },
                {
                    "name": "Benjamin Eberlei",
                    "email": "kontakt@beberlei.de"
                }
            ],
            "description": "Object-Relational-Mapper for PHP",
            "homepage": "http://www.doctrine-project.org",
            "keywords": [
                "database",
                "orm"
            ]
        },
        {
            "name": "dojo/dijit",
            "version": "1.8.0",
            "source": {
                "type": "git",
                "url": "http://github.com/dojo/dijit",
                "reference": "1.8.0"
            },
            "type": "library",
            "installation-source": "source"
        },
        {
            "name": "dojo/dojo",
            "version": "1.8.0",
            "source": {
                "type": "git",
                "url": "http://github.com/dojo/dojo",
                "reference": "1.8.0"
            },
            "type": "library",
            "installation-source": "source"
        },
        {
            "name": "dojo/dojox",
            "version": "1.8.0",
            "source": {
                "type": "git",
                "url": "http://github.com/dojo/dojox",
                "reference": "1.8.0"
            },
            "type": "library",
            "installation-source": "source"
        },
        {
            "name": "dojo/util",
            "version": "1.8.0",
            "source": {
                "type": "git",
                "url": "http://github.com/dojo/util",
                "reference": "1.8.0"
            },
            "type": "library",
            "installation-source": "source"
        },
        {
            "name": "kriswallsmith/assetic",
            "version": "dev-master",
            "source": {
                "type": "git",
                "url": "http://github.com/kriswallsmith/assetic.git",
                "reference": "e22c5e07e672bb0cf43127e97e9368b53abf4aa8"
            },
            "dist": {
                "type": "zip",
                "url": "https://github.com/kriswallsmith/assetic/zipball/e22c5e07e672bb0cf43127e97e9368b53abf4aa8",
                "reference": "e22c5e07e672bb0cf43127e97e9368b53abf4aa8",
                "shasum": ""
            },
            "require": {
                "symfony/process": ">=2.1.0,<2.3-dev",
                "php": ">=5.3.1"
            },
            "require-dev": {
                "twig/twig": ">=1.6.0,<2.0",
                "leafo/lessphp": "*",
                "leafo/scssphp": "*",
                "ptachoire/cssembed": "*",
                "leafo/scssphp-compass": "*"
            },
            "suggest": {
                "twig/twig": "Assetic provides the integration with the Twig templating engine",
                "leafo/lessphp": "Assetic provides the integration with the lessphp LESS compiler",
                "leafo/scssphp": "Assetic provides the integration with the scssphp SCSS compiler",
                "ptachoire/cssembed": "Assetic provides the integration with phpcssembed to embed data uris",
                "leafo/scssphp-compass": "Assetic provides the integration with the SCSS compass plugin"
            },
            "time": "1349004759",
            "type": "library",
            "extra": {
                "branch-alias": {
                    "dev-master": "1.1-dev"
                }
            },
            "installation-source": "source",
            "autoload": {
                "psr-0": {
                    "Assetic": "src/"
                },
                "files": [
                    "src/functions.php"
                ]
            },
            "license": [
                "MIT"
            ],
            "authors": [
                {
                    "name": "Kris Wallsmith",
                    "email": "kris.wallsmith@gmail.com",
                    "homepage": "http://kriswallsmith.net/"
                }
            ],
            "description": "Asset Management for PHP",
            "homepage": "https://github.com/kriswallsmith/assetic",
            "keywords": [
                "assets",
                "compression",
                "minification"
            ]
        },
        {
            "name": "rwoverdijk/assetmanager",
            "version": "dev-master",
            "source": {
                "type": "git",
                "url": "https://github.com/RWOverdijk/AssetManager",
                "reference": "1.2.0"
            },
            "dist": {
                "type": "zip",
                "url": "https://github.com/RWOverdijk/AssetManager/zipball/1.2.0",
                "reference": "1.2.0",
                "shasum": ""
            },
            "require": {
                "php": ">=5.3.3",
                "zendframework/zendframework": "2.0.*",
                "kriswallsmith/assetic": "*"
            },
            "time": "1349292790",
            "type": "library",
            "installation-source": "source",
            "autoload": {
                "psr-0": {
                    "AssetManager": "src/"
                }
            },
            "authors": [
                {
                    "name": "Marco Pivetta",
                    "email": "ocramius@gmail.com",
                    "homepage": "http://marco-pivetta.com/"
                },
                {
                    "name": "Wesley Overdijk",
                    "email": "r.w.overdijk@gmail.com",
                    "homepage": "http://blog.spoonx.nl/"
                }
            ],
            "description": "An assetmanager module for Zend Framework 2.",
            "homepage": "https://github.com/RWOverdijk/AssetManager",
            "keywords": [
                "asset",
                "zf2",
                "zend framework 2",
                "asset manager"
            ]
        },
        {
            "name": "superdweebie/dojo",
            "version": "1.8.0",
            "source": {
                "type": "git",
                "url": "https://github.com/superdweebie/dojo",
                "reference": "1.8.0"
            },
            "dist": {
                "type": "zip",
                "url": "https://github.com/superdweebie/dojo/zipball/1.8.0",
                "reference": "1.8.0",
                "shasum": ""
            },
            "require": {
                "dojo/dojo": "1.8.0",
                "dojo/dijit": "1.8.0",
                "dojo/dojox": "1.8.0",
                "dojo/util": "1.8.0"
            },
            "time": "2012-09-06 21:56:00",
            "type": "library",
            "installation-source": "dist",
            "license": [
                "MIT"
            ],
            "authors": [
                {
                    "name": "Tim Roediger",
                    "email": "superdweebie@gmail.com",
                    "homepage": "http://superdweebie.com"
                }
            ],
            "description": "A simple repo that allows dojo to be installed with composer",
            "homepage": "http://github.com/superdweebie/dojo",
            "keywords": [
                "composer",
                "dojo"
            ]
        },
        {
            "name": "symfony/console",
            "version": "dev-master",
            "target-dir": "Symfony/Component/Console",
            "source": {
                "type": "git",
                "url": "https://github.com/symfony/Console",
                "reference": "ed8cb0f43ad61ea29c13c671a2c1d7ee742748d5"
            },
            "dist": {
                "type": "zip",
                "url": "https://github.com/symfony/Console/zipball/ed8cb0f43ad61ea29c13c671a2c1d7ee742748d5",
                "reference": "ed8cb0f43ad61ea29c13c671a2c1d7ee742748d5",
                "shasum": ""
            },
            "require": {
                "php": ">=5.3.3"
            },
            "time": "1349333089",
            "type": "library",
            "extra": {
                "branch-alias": {
                    "dev-master": "2.2-dev"
                }
            },
            "installation-source": "source",
            "autoload": {
                "psr-0": {
                    "Symfony\\Component\\Console\\": ""
                }
            },
            "license": [
                "MIT"
            ],
            "authors": [
                {
                    "name": "Fabien Potencier",
                    "email": "fabien@symfony.com"
                },
                {
                    "name": "Symfony Community",
                    "homepage": "http://symfony.com/contributors"
                }
            ],
            "description": "Symfony Console Component",
            "homepage": "http://symfony.com"
        },
        {
            "name": "symfony/process",
            "version": "dev-master",
            "target-dir": "Symfony/Component/Process",
            "source": {
                "type": "git",
                "url": "https://github.com/symfony/Process",
                "reference": "49871ad600b777bee4f041e1d085a5047ad52843"
            },
            "dist": {
                "type": "zip",
                "url": "https://github.com/symfony/Process/zipball/49871ad600b777bee4f041e1d085a5047ad52843",
                "reference": "49871ad600b777bee4f041e1d085a5047ad52843",
                "shasum": ""
            },
            "require": {
                "php": ">=5.3.3"
            },
            "time": "1349361454",
            "type": "library",
            "extra": {
                "branch-alias": {
                    "dev-master": "2.2-dev"
                }
            },
            "installation-source": "source",
            "autoload": {
                "psr-0": {
                    "Symfony\\Component\\Process\\": ""
                }
            },
            "license": [
                "MIT"
            ],
            "authors": [
                {
                    "name": "Fabien Potencier",
                    "email": "fabien@symfony.com"
                },
                {
                    "name": "Symfony Community",
                    "homepage": "http://symfony.com/contributors"
                }
            ],
            "description": "Symfony Process Component",
            "homepage": "http://symfony.com"
        },
        {
            "name": "zendframework/zendframework",
            "version": "dev-master",
            "source": {
                "type": "git",
                "url": "git://github.com/zendframework/zf2.git",
                "reference": "1736dd000849a08b9b1ff64bf4f9eb6532407432"
            },
            "dist": {
                "type": "zip",
                "url": "https://github.com/zendframework/zf2/zipball/46d786f2be1c8d975e03f4d99c73ce8add7b5fc1",
                "reference": "46d786f2be1c8d975e03f4d99c73ce8add7b5fc1",
                "shasum": ""
            },
            "require": {
                "php": ">=5.3.3"
            },
            "replace": {
                "zendframework/zend-acl": "self.version",
                "zendframework/zend-authentication": "self.version",
                "zendframework/zend-barcode": "self.version",
                "zendframework/zend-cache": "self.version",
                "zendframework/zend-captcha": "self.version",
                "zendframework/zend-code": "self.version",
                "zendframework/zend-config": "self.version",
                "zendframework/zend-console": "self.version",
                "zendframework/zend-crypt": "self.version",
                "zendframework/zend-db": "self.version",
                "zendframework/zend-di": "self.version",
                "zendframework/zend-dom": "self.version",
                "zendframework/zend-eventmanager": "self.version",
                "zendframework/zend-feed": "self.version",
                "zendframework/zend-file": "self.version",
                "zendframework/zend-filter": "self.version",
                "zendframework/zend-form": "self.version",
                "zendframework/zend-http": "self.version",
                "zendframework/zend-inputfilter": "self.version",
                "zendframework/zend-json": "self.version",
                "zendframework/zend-ldap": "self.version",
                "zendframework/zend-loader": "self.version",
                "zendframework/zend-log": "self.version",
                "zendframework/zend-mail": "self.version",
                "zendframework/zend-markup": "self.version",
                "zendframework/zend-math": "self.version",
                "zendframework/zend-memory": "self.version",
                "zendframework/zend-mime": "self.version",
                "zendframework/zend-modulemanager": "self.version",
                "zendframework/zend-mvc": "self.version",
                "zendframework/zend-navigation": "self.version",
                "zendframework/zend-paginator": "self.version",
                "zendframework/zend-progressbar": "self.version",
                "zendframework/zend-serializer": "self.version",
                "zendframework/zend-server": "self.version",
                "zendframework/zend-servicemanager": "self.version",
                "zendframework/zend-session": "self.version",
                "zendframework/zend-soap": "self.version",
                "zendframework/zend-stdlib": "self.version",
                "zendframework/zend-tag": "self.version",
                "zendframework/zend-text": "self.version",
                "zendframework/zend-uri": "self.version",
                "zendframework/zend-validator": "self.version",
                "zendframework/zend-view": "self.version",
                "zendframework/zend-xmlrpc": "self.version",
                "zendframework/zend-escaper": "self.version",
                "zendframework/zend-i18n": "self.version"
            },
            "require-dev": {
                "doctrine/common": ">=2.1",
                "phpunit/phpunit": "3.7.*"
            },
            "suggest": {
                "doctrine/common": "Doctrine\\Common >=2.1 for annotation features",
                "ext-intl": "ext/intl for i18n features",
                "zendframework/zendservice-recaptcha": "ZendService\\ReCaptcha for rendering ReCaptchas in Zend\\Captcha and/or Zend\\Form",
                "zendframework/zendpdf": "ZendPdf for creating PDF representations of barcodes",
                "pecl-weakref": "Implementation of weak references for Zend\\Stdlib\\CallbackHandler"
            },
            "time": "1346256403",
            "bin": [
                "bin/classmap_generator.php"
            ],
            "type": "library",
            "extra": {
                "branch-alias": {
                    "dev-master": "2.0-dev"
                }
            },
            "installation-source": "source",
            "autoload": {
                "psr-0": {
                    "Zend\\": "library/",
                    "ZendTest\\": "tests/"
                }
            },
            "license": [
                "BSD-3-Clause"
            ],
            "description": "Zend Framework 2",
            "homepage": "http://framework.zend.com/",
            "keywords": [
                "framework",
                "zf2"
            ]
        },
        {
            "name": "zf-commons/zfc-admin",
            "version": "dev-master",
            "source": {
                "type": "git",
                "url": "https://github.com/ZF-Commons/ZfcAdmin",
                "reference": "b9206d6f93a7664940bf37b6eb7b62789871f159"
            },
            "dist": {
                "type": "zip",
                "url": "https://github.com/ZF-Commons/ZfcAdmin/zipball/b9206d6f93a7664940bf37b6eb7b62789871f159",
                "reference": "b9206d6f93a7664940bf37b6eb7b62789871f159",
                "shasum": ""
            },
            "require": {
                "php": ">=5.3.3",
                "zendframework/zendframework": "2.*"
            },
            "suggest": {
                "bjyoungblood/bjy-authorize": "Access control to protect ZfcAdmin against unauthorized users"
            },
            "time": "1347912067",
            "type": "library",
            "installation-source": "source",
            "autoload": {
                "psr-0": {
                    "ZfcAdmin": "src/"
                },
                "classmap": [
                    "./Module.php"
                ]
            },
            "license": [
                "BSD-3-Clause"
            ],
            "authors": [
                {
                    "name": "Jurian Sluiman ",
                    "email": "jurian@juriansluiman.nl",
                    "homepage": "http://juriansluiman.nl/en/"
                },
                {
                    "name": "Martin Shwalbe",
                    "email": "martin.shwalbe@gmail.com"
                }
            ],
            "description": "A generic Admin module for ZF2.",
            "homepage": "https://github.com/juriansluiman/ZfcAdmin",
            "keywords": [
                "zf2"
            ]
        },
        {
            "name": "zf-commons/zfc-base",
            "version": "dev-master",
            "source": {
                "type": "git",
                "url": "git://github.com/ZF-Commons/ZfcBase.git",
                "reference": "5057eb22bdc5a97e4b23716079485bfa92e44054"
            },
            "dist": {
                "type": "zip",
                "url": "https://github.com/ZF-Commons/ZfcBase/zipball/5057eb22bdc5a97e4b23716079485bfa92e44054",
                "reference": "5057eb22bdc5a97e4b23716079485bfa92e44054",
                "shasum": ""
            },
            "require": {
                "php": ">=5.3.3",
                "zendframework/zendframework": "2.*"
            },
            "time": "1347633346",
            "type": "library",
            "installation-source": "source",
            "autoload": {
                "psr-0": {
                    "ZfcBase": "src/"
                },
                "classmap": [
                    "./Module.php"
                ]
            },
            "authors": [
                {
                    "name": "Kyle Spraggs",
                    "email": "theman@spiffyjr.me",
                    "homepage": "http://www.spiffyjr.me/"
                },
                {
                    "name": "Evan Coury",
                    "email": "me@evancoury.com",
                    "homepage": "http://blog.evan.pro/"
                }
            ],
            "description": "A set of genetic (abstract) classes which are commonly used across multiple modules.",
            "homepage": "https://github.com/ZF-Commons/ZfcBase",
            "keywords": [
                "zf2"
            ]
        },
        {
            "name": "zf-commons/zfc-user",
            "version": "dev-decouple_base_form_from_registration",
            "source": {
                "type": "git",
                "url": "https://github.com/Hounddog/ZfcUser.git",
                "reference": "53aa3a48c198c3e7e8e6f0261a9e88c7bc1d9cd6"
            },
            "dist": {
                "type": "zip",
                "url": "https://github.com/Hounddog/ZfcUser/zipball/53aa3a48c198c3e7e8e6f0261a9e88c7bc1d9cd6",
                "reference": "53aa3a48c198c3e7e8e6f0261a9e88c7bc1d9cd6",
                "shasum": ""
            },
            "require": {
                "php": ">=5.3.3",
                "zendframework/zendframework": "2.*",
                "zf-commons/zfc-base": "dev-master"
            },
            "time": "1349264201",
            "type": "library",
            "installation-source": "source",
            "autoload": {
                "psr-0": {
                    "ZfcUser": "src/"
                },
                "classmap": [
                    "./Module.php"
                ]
            },
            "authors": [
                {
                    "name": "Evan Coury",
                    "email": "me@evancoury.com",
                    "homepage": "http://blog.evan.pro/"
                },
                {
                    "name": "Kyle Spraggs",
                    "email": "theman@spiffyjr.me",
                    "homepage": "http://www.spiffyjr.me/"
                }
            ],
            "description": "A generic user registration and authentication module for ZF2. Supports Zend\\Db and Doctrine2.",
            "homepage": "https://github.com/ZF-Commons/ZfcUser",
            "keywords": [
                "zf2"
            ],
            "support": {
                "source": "https://github.com/Hounddog/ZfcUser/tree/decouple_base_form_from_registration"
            }
        },
        {
            "name": "zf-commons/zfc-user-doctrine-orm",
            "version": "dev-master",
            "source": {
                "type": "git",
                "url": "git://github.com/ZF-Commons/ZfcUserDoctrineORM.git",
                "reference": "71017a46732916432d986b208267661ad2157d5d"
            },
            "dist": {
                "type": "zip",
                "url": "https://github.com/ZF-Commons/ZfcUserDoctrineORM/zipball/71017a46732916432d986b208267661ad2157d5d",
                "reference": "71017a46732916432d986b208267661ad2157d5d",
                "shasum": ""
            },
            "require": {
                "php": ">=5.3.3",
                "zf-commons/zfc-base": "dev-master",
                "zf-commons/zfc-user": "dev-master",
                "doctrine/doctrine-orm-module": "dev-master",
                "zendframework/zendframework": "2.*"
            },
            "time": "1346925644",
            "type": "library",
            "installation-source": "source",
            "autoload": {
                "psr-0": {
                    "ZfcUserDoctrineORM": "src/"
                },
                "classmap": [
                    "./"
                ]
            },
            "authors": [
                {
                    "name": "Kyle Spraggs",
                    "email": "theman@spiffyjr.me",
                    "homepage": "http://www.spiffyjr.me/"
                },
                {
                    "name": "Evan Coury",
                    "email": "me@evancoury.com",
                    "homepage": "http://blog.evan.pro/"
                }
            ],
            "description": "Doctrine2 ORM storage adapter for ZfcUser.",
            "homepage": "https://github.com/ZF-Commons/ZfcUserDoctrineORM",
            "keywords": [
                "zf2"
            ]
        }
    ],
    "packages-dev": null,
    "aliases": [
        {
            "alias": "dev-master",
            "alias_normalized": "9999999-dev",
            "version": "dev-decouple_base_form_from_registration",
            "package": "zf-commons/zfc-user"
        }
    ],
    "minimum-stability": "dev",
    "stability-flags": {
        "zendframework/zendframework": 20,
        "rwoverdijk/assetmanager": 20,
        "doctrine/doctrine-orm-module": 20,
        "zf-commons/zfc-user-doctrine-orm": 20,
        "zf-commons/zfc-admin": 20,
        "bjyoungblood/bjyauthorize": 20
    }
}
